// !$*UTF8*$!
{
	archiveVersion = 1;
	classes = {
	};
	objectVersion = 56;
	objects = {

/* Begin PBXBuildFile section */
		C0039DDB290960F800F911B0 /* Extensions.swift in Sources */ = {isa = PBXBuildFile; fileRef = C0039DDA290960F800F911B0 /* Extensions.swift */; };
		C0F8D81028FA26E8000FD752 /* PracticeAppleSleepApp.swift in Sources */ = {isa = PBXBuildFile; fileRef = C0F8D80F28FA26E8000FD752 /* PracticeAppleSleepApp.swift */; };
		C0F8D81228FA26E8000FD752 /* ContentView.swift in Sources */ = {isa = PBXBuildFile; fileRef = C0F8D81128FA26E8000FD752 /* ContentView.swift */; };
		C0F8D81428FA26EA000FD752 /* Assets.xcassets in Resources */ = {isa = PBXBuildFile; fileRef = C0F8D81328FA26EA000FD752 /* Assets.xcassets */; };
		C0F8D81728FA26EA000FD752 /* Preview Assets.xcassets in Resources */ = {isa = PBXBuildFile; fileRef = C0F8D81628FA26EA000FD752 /* Preview Assets.xcassets */; };
		C0F8D82128FA26EA000FD752 /* PracticeAppleSleepTests.swift in Sources */ = {isa = PBXBuildFile; fileRef = C0F8D82028FA26EA000FD752 /* PracticeAppleSleepTests.swift */; };
		C0F8D82B28FA26EA000FD752 /* PracticeAppleSleepUITests.swift in Sources */ = {isa = PBXBuildFile; fileRef = C0F8D82A28FA26EA000FD752 /* PracticeAppleSleepUITests.swift */; };
		C0F8D82D28FA26EA000FD752 /* PracticeAppleSleepUITestsLaunchTests.swift in Sources */ = {isa = PBXBuildFile; fileRef = C0F8D82C28FA26EA000FD752 /* PracticeAppleSleepUITestsLaunchTests.swift */; };
/* End PBXBuildFile section */

/* Begin PBXContainerItemProxy section */
		C0F8D81D28FA26EA000FD752 /* PBXContainerItemProxy */ = {
			isa = PBXContainerItemProxy;
			containerPortal = C0F8D80428FA26E7000FD752 /* Project object */;
			proxyType = 1;
			remoteGlobalIDString = C0F8D80B28FA26E7000FD752;
			remoteInfo = PracticeAppleSleep;
		};
		C0F8D82728FA26EA000FD752 /* PBXContainerItemProxy */ = {
			isa = PBXContainerItemProxy;
			containerPortal = C0F8D80428FA26E7000FD752 /* Project object */;
			proxyType = 1;
			remoteGlobalIDString = C0F8D80B28FA26E7000FD752;
			remoteInfo = PracticeAppleSleep;
		};
/* End PBXContainerItemProxy section */

/* Begin PBXFileReference section */
		C0039DDA290960F800F911B0 /* Extensions.swift */ = {isa = PBXFileReference; lastKnownFileType = sourcecode.swift; path = Extensions.swift; sourceTree = "<group>"; };
		C0F8D80C28FA26E8000FD752 /* PracticeAppleSleep.app */ = {isa = PBXFileReference; explicitFileType = wrapper.application; includeInIndex = 0; path = PracticeAppleSleep.app; sourceTree = BUILT_PRODUCTS_DIR; };
		C0F8D80F28FA26E8000FD752 /* PracticeAppleSleepApp.swift */ = {isa = PBXFileReference; lastKnownFileType = sourcecode.swift; path = PracticeAppleSleepApp.swift; sourceTree = "<group>"; };
		C0F8D81128FA26E8000FD752 /* ContentView.swift */ = {isa = PBXFileReference; lastKnownFileType = sourcecode.swift; path = ContentView.swift; sourceTree = "<group>"; };
		C0F8D81328FA26EA000FD752 /* Assets.xcassets */ = {isa = PBXFileReference; lastKnownFileType = folder.assetcatalog; path = Assets.xcassets; sourceTree = "<group>"; };
		C0F8D81628FA26EA000FD752 /* Preview Assets.xcassets */ = {isa = PBXFileReference; lastKnownFileType = folder.assetcatalog; path = "Preview Assets.xcassets"; sourceTree = "<group>"; };
		C0F8D81C28FA26EA000FD752 /* PracticeAppleSleepTests.xctest */ = {isa = PBXFileReference; explicitFileType = wrapper.cfbundle; includeInIndex = 0; path = PracticeAppleSleepTests.xctest; sourceTree = BUILT_PRODUCTS_DIR; };
		C0F8D82028FA26EA000FD752 /* PracticeAppleSleepTests.swift */ = {isa = PBXFileReference; lastKnownFileType = sourcecode.swift; path = PracticeAppleSleepTests.swift; sourceTree = "<group>"; };
		C0F8D82628FA26EA000FD752 /* PracticeAppleSleepUITests.xctest */ = {isa = PBXFileReference; explicitFileType = wrapper.cfbundle; includeInIndex = 0; path = PracticeAppleSleepUITests.xctest; sourceTree = BUILT_PRODUCTS_DIR; };
		C0F8D82A28FA26EA000FD752 /* PracticeAppleSleepUITests.swift */ = {isa = PBXFileReference; lastKnownFileType = sourcecode.swift; path = PracticeAppleSleepUITests.swift; sourceTree = "<group>"; };
		C0F8D82C28FA26EA000FD752 /* PracticeAppleSleepUITestsLaunchTests.swift */ = {isa = PBXFileReference; lastKnownFileType = sourcecode.swift; path = PracticeAppleSleepUITestsLaunchTests.swift; sourceTree = "<group>"; };
/* End PBXFileReference section */

/* Begin PBXFrameworksBuildPhase section */
		C0F8D80928FA26E7000FD752 /* Frameworks */ = {
			isa = PBXFrameworksBuildPhase;
			buildActionMask = 2147483647;
			files = (
			);
			runOnlyForDeploymentPostprocessing = 0;
		};
		C0F8D81928FA26EA000FD752 /* Frameworks */ = {
			isa = PBXFrameworksBuildPhase;
			buildActionMask = 2147483647;
			files = (
			);
			runOnlyForDeploymentPostprocessing = 0;
		};
		C0F8D82328FA26EA000FD752 /* Frameworks */ = {
			isa = PBXFrameworksBuildPhase;
			buildActionMask = 2147483647;
			files = (
			);
			runOnlyForDeploymentPostprocessing = 0;
		};
/* End PBXFrameworksBuildPhase section */

/* Begin PBXGroup section */
		C0F8D80328FA26E7000FD752 = {
			isa = PBXGroup;
			children = (
				C0F8D80E28FA26E8000FD752 /* PracticeAppleSleep */,
				C0F8D81F28FA26EA000FD752 /* PracticeAppleSleepTests */,
				C0F8D82928FA26EA000FD752 /* PracticeAppleSleepUITests */,
				C0F8D80D28FA26E8000FD752 /* Products */,
			);
			sourceTree = "<group>";
		};
		C0F8D80D28FA26E8000FD752 /* Products */ = {
			isa = PBXGroup;
			children = (
				C0F8D80C28FA26E8000FD752 /* PracticeAppleSleep.app */,
				C0F8D81C28FA26EA000FD752 /* PracticeAppleSleepTests.xctest */,
				C0F8D82628FA26EA000FD752 /* PracticeAppleSleepUITests.xctest */,
			);
			name = Products;
			sourceTree = "<group>";
		};
		C0F8D80E28FA26E8000FD752 /* PracticeAppleSleep */ = {
			isa = PBXGroup;
			children = (
				C0F8D80F28FA26E8000FD752 /* PracticeAppleSleepApp.swift */,
				C0F8D81128FA26E8000FD752 /* ContentView.swift */,
				C0F8D81328FA26EA000FD752 /* Assets.xcassets */,
				C0F8D81528FA26EA000FD752 /* Preview Content */,
				C0039DDA290960F800F911B0 /* Extensions.swift */,
			);
			path = PracticeAppleSleep;
			sourceTree = "<group>";
		};
		C0F8D81528FA26EA000FD752 /* Preview Content */ = {
			isa = PBXGroup;
			children = (
				C0F8D81628FA26EA000FD752 /* Preview Assets.xcassets */,
			);
			path = "Preview Content";
			sourceTree = "<group>";
		};
		C0F8D81F28FA26EA000FD752 /* PracticeAppleSleepTests */ = {
			isa = PBXGroup;
			children = (
				C0F8D82028FA26EA000FD752 /* PracticeAppleSleepTests.swift */,
			);
			path = PracticeAppleSleepTests;
			sourceTree = "<group>";
		};
		C0F8D82928FA26EA000FD752 /* PracticeAppleSleepUITests */ = {
			isa = PBXGroup;
			children = (
				C0F8D82A28FA26EA000FD752 /* PracticeAppleSleepUITests.swift */,
				C0F8D82C28FA26EA000FD752 /* PracticeAppleSleepUITestsLaunchTests.swift */,
			);
			path = PracticeAppleSleepUITests;
			sourceTree = "<group>";
		};
/* End PBXGroup section */

/* Begin PBXNativeTarget section */
		C0F8D80B28FA26E7000FD752 /* PracticeAppleSleep */ = {
			isa = PBXNativeTarget;
			buildConfigurationList = C0F8D83028FA26EA000FD752 /* Build configuration list for PBXNativeTarget "PracticeAppleSleep" */;
			buildPhases = (
				C0F8D80828FA26E7000FD752 /* Sources */,
				C0F8D80928FA26E7000FD752 /* Frameworks */,
				C0F8D80A28FA26E7000FD752 /* Resources */,
			);
			buildRules = (
			);
			dependencies = (
			);
			name = PracticeAppleSleep;
			productName = PracticeAppleSleep;
			productReference = C0F8D80C28FA26E8000FD752 /* PracticeAppleSleep.app */;
			productType = "com.apple.product-type.application";
		};
		C0F8D81B28FA26EA000FD752 /* PracticeAppleSleepTests */ = {
			isa = PBXNativeTarget;
			buildConfigurationList = C0F8D83328FA26EA000FD752 /* Build configuration list for PBXNativeTarget "PracticeAppleSleepTests" */;
			buildPhases = (
				C0F8D81828FA26EA000FD752 /* Sources */,
				C0F8D81928FA26EA000FD752 /* Frameworks */,
				C0F8D81A28FA26EA000FD752 /* Resources */,
			);
			buildRules = (
			);
			dependencies = (
				C0F8D81E28FA26EA000FD752 /* PBXTargetDependency */,
			);
			name = PracticeAppleSleepTests;
			productName = PracticeAppleSleepTests;
			productReference = C0F8D81C28FA26EA000FD752 /* PracticeAppleSleepTests.xctest */;
			productType = "com.apple.product-type.bundle.unit-test";
		};
		C0F8D82528FA26EA000FD752 /* PracticeAppleSleepUITests */ = {
			isa = PBXNativeTarget;
			buildConfigurationList = C0F8D83628FA26EA000FD752 /* Build configuration list for PBXNativeTarget "PracticeAppleSleepUITests" */;
			buildPhases = (
				C0F8D82228FA26EA000FD752 /* Sources */,
				C0F8D82328FA26EA000FD752 /* Frameworks */,
				C0F8D82428FA26EA000FD752 /* Resources */,
			);
			buildRules = (
			);
			dependencies = (
				C0F8D82828FA26EA000FD752 /* PBXTargetDependency */,
			);
			name = PracticeAppleSleepUITests;
			productName = PracticeAppleSleepUITests;
			productReference = C0F8D82628FA26EA000FD752 /* PracticeAppleSleepUITests.xctest */;
			productType = "com.apple.product-type.bundle.ui-testing";
		};
/* End PBXNativeTarget section */

/* Begin PBXProject section */
		C0F8D80428FA26E7000FD752 /* Project object */ = {
			isa = PBXProject;
			attributes = {
				BuildIndependentTargetsInParallel = 1;
				LastSwiftUpdateCheck = 1400;
				LastUpgradeCheck = 1400;
				TargetAttributes = {
					C0F8D80B28FA26E7000FD752 = {
						CreatedOnToolsVersion = 14.0.1;
					};
					C0F8D81B28FA26EA000FD752 = {
						CreatedOnToolsVersion = 14.0.1;
						TestTargetID = C0F8D80B28FA26E7000FD752;
					};
					C0F8D82528FA26EA000FD752 = {
						CreatedOnToolsVersion = 14.0.1;
						TestTargetID = C0F8D80B28FA26E7000FD752;
					};
				};
			};
			buildConfigurationList = C0F8D80728FA26E7000FD752 /* Build configuration list for PBXProject "PracticeAppleSleep" */;
			compatibilityVersion = "Xcode 14.0";
			developmentRegion = en;
			hasScannedForEncodings = 0;
			knownRegions = (
				en,
				Base,
			);
			mainGroup = C0F8D80328FA26E7000FD752;
			productRefGroup = C0F8D80D28FA26E8000FD752 /* Products */;
			projectDirPath = "";
			projectRoot = "";
			targets = (
				C0F8D80B28FA26E7000FD752 /* PracticeAppleSleep */,
				C0F8D81B28FA26EA000FD752 /* PracticeAppleSleepTests */,
				C0F8D82528FA26EA000FD752 /* PracticeAppleSleepUITests */,
			);
		};
/* End PBXProject section */

/* Begin PBXResourcesBuildPhase section */
		C0F8D80A28FA26E7000FD752 /* Resources */ = {
			isa = PBXResourcesBuildPhase;
			buildActionMask = 2147483647;
			files = (
				C0F8D81728FA26EA000FD752 /* Preview Assets.xcassets in Resources */,
				C0F8D81428FA26EA000FD752 /* Assets.xcassets in Resources */,
			);
			runOnlyForDeploymentPostprocessing = 0;
		};
		C0F8D81A28FA26EA000FD752 /* Resources */ = {
			isa = PBXResourcesBuildPhase;
			buildActionMask = 2147483647;
			files = (
			);
			runOnlyForDeploymentPostprocessing = 0;
		};
		C0F8D82428FA26EA000FD752 /* Resources */ = {
			isa = PBXResourcesBuildPhase;
			buildActionMask = 2147483647;
			files = (
			);
			runOnlyForDeploymentPostprocessing = 0;
		};
/* End PBXResourcesBuildPhase section */

/* Begin PBXSourcesBuildPhase section */
		C0F8D80828FA26E7000FD752 /* Sources */ = {
			isa = PBXSourcesBuildPhase;
			buildActionMask = 2147483647;
			files = (
				C0F8D81228FA26E8000FD752 /* ContentView.swift in Sources */,
				C0039DDB290960F800F911B0 /* Extensions.swift in Sources */,
				C0F8D81028FA26E8000FD752 /* PracticeAppleSleepApp.swift in Sources */,
			);
			runOnlyForDeploymentPostprocessing = 0;
		};
		C0F8D81828FA26EA000FD752 /* Sources */ = {
			isa = PBXSourcesBuildPhase;
			buildActionMask = 2147483647;
			files = (
				C0F8D82128FA26EA000FD752 /* PracticeAppleSleepTests.swift in Sources */,
			);
			runOnlyForDeploymentPostprocessing = 0;
		};
		C0F8D82228FA26EA000FD752 /* Sources */ = {
			isa = PBXSourcesBuildPhase;
			buildActionMask = 2147483647;
			files = (
				C0F8D82D28FA26EA000FD752 /* PracticeAppleSleepUITestsLaunchTests.swift in Sources */,
				C0F8D82B28FA26EA000FD752 /* PracticeAppleSleepUITests.swift in Sources */,
			);
			runOnlyForDeploymentPostprocessing = 0;
		};
/* End PBXSourcesBuildPhase section */

/* Begin PBXTargetDependency section */
		C0F8D81E28FA26EA000FD752 /* PBXTargetDependency */ = {
			isa = PBXTargetDependency;
			target = C0F8D80B28FA26E7000FD752 /* PracticeAppleSleep */;
			targetProxy = C0F8D81D28FA26EA000FD752 /* PBXContainerItemProxy */;
		};
		C0F8D82828FA26EA000FD752 /* PBXTargetDependency */ = {
			isa = PBXTargetDependency;
			target = C0F8D80B28FA26E7000FD752 /* PracticeAppleSleep */;
			targetProxy = C0F8D82728FA26EA000FD752 /* PBXContainerItemProxy */;
		};
/* End PBXTargetDependency section */

/* Begin XCBuildConfiguration section */
		C0F8D82E28FA26EA000FD752 /* Debug */ = {
			isa = XCBuildConfiguration;
			buildSettings = {
				ALWAYS_SEARCH_USER_PATHS = NO;
				CLANG_ANALYZER_NONNULL = YES;
				CLANG_ANALYZER_NUMBER_OBJECT_CONVERSION = YES_AGGRESSIVE;
				CLANG_CXX_LANGUAGE_STANDARD = "gnu++20";
				CLANG_ENABLE_MODULES = YES;
				CLANG_ENABLE_OBJC_ARC = YES;
				CLANG_ENABLE_OBJC_WEAK = YES;
				CLANG_WARN_BLOCK_CAPTURE_AUTORELEASING = YES;
				CLANG_WARN_BOOL_CONVERSION = YES;
				CLANG_WARN_COMMA = YES;
				CLANG_WARN_CONSTANT_CONVERSION = YES;
				CLANG_WARN_DEPRECATED_OBJC_IMPLEMENTATIONS = YES;
				CLANG_WARN_DIRECT_OBJC_ISA_USAGE = YES_ERROR;
				CLANG_WARN_DOCUMENTATION_COMMENTS = YES;
				CLANG_WARN_EMPTY_BODY = YES;
				CLANG_WARN_ENUM_CONVERSION = YES;
				CLANG_WARN_INFINITE_RECURSION = YES;
				CLANG_WARN_INT_CONVERSION = YES;
				CLANG_WARN_NON_LITERAL_NULL_CONVERSION = YES;
				CLANG_WARN_OBJC_IMPLICIT_RETAIN_SELF = YES;
				CLANG_WARN_OBJC_LITERAL_CONVERSION = YES;
				CLANG_WARN_OBJC_ROOT_CLASS = YES_ERROR;
				CLANG_WARN_QUOTED_INCLUDE_IN_FRAMEWORK_HEADER = YES;
				CLANG_WARN_RANGE_LOOP_ANALYSIS = YES;
				CLANG_WARN_STRICT_PROTOTYPES = YES;
				CLANG_WARN_SUSPICIOUS_MOVE = YES;
				CLANG_WARN_UNGUARDED_AVAILABILITY = YES_AGGRESSIVE;
				CLANG_WARN_UNREACHABLE_CODE = YES;
				CLANG_WARN__DUPLICATE_METHOD_MATCH = YES;
				COPY_PHASE_STRIP = NO;
				DEBUG_INFORMATION_FORMAT = dwarf;
				ENABLE_STRICT_OBJC_MSGSEND = YES;
				ENABLE_TESTABILITY = YES;
				GCC_C_LANGUAGE_STANDARD = gnu11;
				GCC_DYNAMIC_NO_PIC = NO;
				GCC_NO_COMMON_BLOCKS = YES;
				GCC_OPTIMIZATION_LEVEL = 0;
				GCC_PREPROCESSOR_DEFINITIONS = (
					"DEBUG=1",
					"$(inherited)",
				);
				GCC_WARN_64_TO_32_BIT_CONVERSION = YES;
				GCC_WARN_ABOUT_RETURN_TYPE = YES_ERROR;
				GCC_WARN_UNDECLARED_SELECTOR = YES;
				GCC_WARN_UNINITIALIZED_AUTOS = YES_AGGRESSIVE;
				GCC_WARN_UNUSED_FUNCTION = YES;
				GCC_WARN_UNUSED_VARIABLE = YES;
				IPHONEOS_DEPLOYMENT_TARGET = 16.0;
				MTL_ENABLE_DEBUG_INFO = INCLUDE_SOURCE;
				MTL_FAST_MATH = YES;
				ONLY_ACTIVE_ARCH = YES;
				SDKROOT = iphoneos;
				SWIFT_ACTIVE_COMPILATION_CONDITIONS = DEBUG;
				SWIFT_OPTIMIZATION_LEVEL = "-Onone";
			};
			name = Debug;
		};
		C0F8D82F28FA26EA000FD752 /* Release */ = {
			isa = XCBuildConfiguration;
			buildSettings = {
				ALWAYS_SEARCH_USER_PATHS = NO;
				CLANG_ANALYZER_NONNULL = YES;
				CLANG_ANALYZER_NUMBER_OBJECT_CONVERSION = YES_AGGRESSIVE;
				CLANG_CXX_LANGUAGE_STANDARD = "gnu++20";
				CLANG_ENABLE_MODULES = YES;
				CLANG_ENABLE_OBJC_ARC = YES;
				CLANG_ENABLE_OBJC_WEAK = YES;
				CLANG_WARN_BLOCK_CAPTURE_AUTORELEASING = YES;
				CLANG_WARN_BOOL_CONVERSION = YES;
				CLANG_WARN_COMMA = YES;
				CLANG_WARN_CONSTANT_CONVERSION = YES;
				CLANG_WARN_DEPRECATED_OBJC_IMPLEMENTATIONS = YES;
				CLANG_WARN_DIRECT_OBJC_ISA_USAGE = YES_ERROR;
				CLANG_WARN_DOCUMENTATION_COMMENTS = YES;
				CLANG_WARN_EMPTY_BODY = YES;
				CLANG_WARN_ENUM_CONVERSION = YES;
				CLANG_WARN_INFINITE_RECURSION = YES;
				CLANG_WARN_INT_CONVERSION = YES;
				CLANG_WARN_NON_LITERAL_NULL_CONVERSION = YES;
				CLANG_WARN_OBJC_IMPLICIT_RETAIN_SELF = YES;
				CLANG_WARN_OBJC_LITERAL_CONVERSION = YES;
				CLANG_WARN_OBJC_ROOT_CLASS = YES_ERROR;
				CLANG_WARN_QUOTED_INCLUDE_IN_FRAMEWORK_HEADER = YES;
				CLANG_WARN_RANGE_LOOP_ANALYSIS = YES;
				CLANG_WARN_STRICT_PROTOTYPES = YES;
				CLANG_WARN_SUSPICIOUS_MOVE = YES;
				CLANG_WARN_UNGUARDED_AVAILABILITY = YES_AGGRESSIVE;
				CLANG_WARN_UNREACHABLE_CODE = YES;
				CLANG_WARN__DUPLICATE_METHOD_MATCH = YES;
				COPY_PHASE_STRIP = NO;
				DEBUG_INFORMATION_FORMAT = "dwarf-with-dsym";
				ENABLE_NS_ASSERTIONS = NO;
				ENABLE_STRICT_OBJC_MSGSEND = YES;
				GCC_C_LANGUAGE_STANDARD = gnu11;
				GCC_NO_COMMON_BLOCKS = YES;
				GCC_WARN_64_TO_32_BIT_CONVERSION = YES;
				GCC_WARN_ABOUT_RETURN_TYPE = YES_ERROR;
				GCC_WARN_UNDECLARED_SELECTOR = YES;
				GCC_WARN_UNINITIALIZED_AUTOS = YES_AGGRESSIVE;
				GCC_WARN_UNUSED_FUNCTION = YES;
				GCC_WARN_UNUSED_VARIABLE = YES;
				IPHONEOS_DEPLOYMENT_TARGET = 16.0;
				MTL_ENABLE_DEBUG_INFO = NO;
				MTL_FAST_MATH = YES;
				SDKROOT = iphoneos;
				SWIFT_COMPILATION_MODE = wholemodule;
				SWIFT_OPTIMIZATION_LEVEL = "-O";
				VALIDATE_PRODUCT = YES;
			};
			name = Release;
		};
		C0F8D83128FA26EA000FD752 /* Debug */ = {
			isa = XCBuildConfiguration;
			buildSettings = {
				ASSETCATALOG_COMPILER_APPICON_NAME = AppIcon;
				ASSETCATALOG_COMPILER_GLOBAL_ACCENT_COLOR_NAME = AccentColor;
				CODE_SIGN_STYLE = Automatic;
				CURRENT_PROJECT_VERSION = 1;
				DEVELOPMENT_ASSET_PATHS = "\"PracticeAppleSleep/Preview Content\"";
				DEVELOPMENT_TEAM = V76788P98D;
				ENABLE_PREVIEWS = YES;
				GENERATE_INFOPLIST_FILE = YES;
				INFOPLIST_KEY_UIApplicationSceneManifest_Generation = YES;
				INFOPLIST_KEY_UIApplicationSupportsIndirectInputEvents = YES;
				INFOPLIST_KEY_UILaunchScreen_Generation = YES;
				INFOPLIST_KEY_UISupportedInterfaceOrientations_iPad = "UIInterfaceOrientationPortrait UIInterfaceOrientationPortraitUpsideDown UIInterfaceOrientationLandscapeLeft UIInterfaceOrientationLandscapeRight";
				INFOPLIST_KEY_UISupportedInterfaceOrientations_iPhone = "UIInterfaceOrientationPortrait UIInterfaceOrientationLandscapeLeft UIInterfaceOrientationLandscapeRight";
				LD_RUNPATH_SEARCH_PATHS = (
					"$(inherited)",
					"@executable_path/Frameworks",
				);
				MARKETING_VERSION = 1.0;
				PRODUCT_BUNDLE_IDENTIFIER = de.jasperstritzke.PracticeAppleSleep;
				PRODUCT_NAME = "$(TARGET_NAME)";
				SWIFT_EMIT_LOC_STRINGS = YES;
				SWIFT_VERSION = 5.0;
				TARGETED_DEVICE_FAMILY = "1,2";
			};
			name = Debug;
		};
		C0F8D83228FA26EA000FD752 /* Release */ = {
			isa = XCBuildConfiguration;
			buildSettings = {
				ASSETCATALOG_COMPILER_APPICON_NAME = AppIcon;
				ASSETCATALOG_COMPILER_GLOBAL_ACCENT_COLOR_NAME = AccentColor;
				CODE_SIGN_STYLE = Automatic;
				CURRENT_PROJECT_VERSION = 1;
				DEVELOPMENT_ASSET_PATHS = "\"PracticeAppleSleep/Preview Content\"";
				DEVELOPMENT_TEAM = V76788P98D;
				ENABLE_PREVIEWS = YES;
				GENERATE_INFOPLIST_FILE = YES;
				INFOPLIST_KEY_UIApplicationSceneManifest_Generation = YES;
				INFOPLIST_KEY_UIApplicationSupportsIndirectInputEvents = YES;
				INFOPLIST_KEY_UILaunchScreen_Generation = YES;
				INFOPLIST_KEY_UISupportedInterfaceOrientations_iPad = "UIInterfaceOrientationPortrait UIInterfaceOrientationPortraitUpsideDown UIInterfaceOrientationLandscapeLeft UIInterfaceOrientationLandscapeRight";
				INFOPLIST_KEY_UISupportedInterfaceOrientations_iPhone = "UIInterfaceOrientationPortrait UIInterfaceOrientationLandscapeLeft UIInterfaceOrientationLandscapeRight";
				LD_RUNPATH_SEARCH_PATHS = (
					"$(inherited)",
					"@executable_path/Frameworks",
				);
				MARKETING_VERSION = 1.0;
				PRODUCT_BUNDLE_IDENTIFIER = de.jasperstritzke.PracticeAppleSleep;
				PRODUCT_NAME = "$(TARGET_NAME)";
				SWIFT_EMIT_LOC_STRINGS = YES;
				SWIFT_VERSION = 5.0;
				TARGETED_DEVICE_FAMILY = "1,2";
			};
			name = Release;
		};
		C0F8D83428FA26EA000FD752 /* Debug */ = {
			isa = XCBuildConfiguration;
			buildSettings = {
				ALWAYS_EMBED_SWIFT_STANDARD_LIBRARIES = YES;
				BUNDLE_LOADER = "$(TEST_HOST)";
				CODE_SIGN_STYLE = Automatic;
				CURRENT_PROJECT_VERSION = 1;
				DEVELOPMENT_TEAM = V76788P98D;
				GENERATE_INFOPLIST_FILE = YES;
				IPHONEOS_DEPLOYMENT_TARGET = 16.0;
				MARKETING_VERSION = 1.0;
				PRODUCT_BUNDLE_IDENTIFIER = de.jasperstritzke.PracticeAppleSleepTests;
				PRODUCT_NAME = "$(TARGET_NAME)";
				SWIFT_EMIT_LOC_STRINGS = NO;
				SWIFT_VERSION = 5.0;
				TARGETED_DEVICE_FAMILY = "1,2";
				TEST_HOST = "$(BUILT_PRODUCTS_DIR)/PracticeAppleSleep.app/$(BUNDLE_EXECUTABLE_FOLDER_PATH)/PracticeAppleSleep";
			};
			name = Debug;
		};
		C0F8D83528FA26EA000FD752 /* Release */ = {
			isa = XCBuildConfiguration;
			buildSettings = {
				ALWAYS_EMBED_SWIFT_STANDARD_LIBRARIES = YES;
				BUNDLE_LOADER = "$(TEST_HOST)";
				CODE_SIGN_STYLE = Automatic;
				CURRENT_PROJECT_VERSION = 1;
				DEVELOPMENT_TEAM = V76788P98D;
				GENERATE_INFOPLIST_FILE = YES;
				IPHONEOS_DEPLOYMENT_TARGET = 16.0;
				MARKETING_VERSION = 1.0;
				PRODUCT_BUNDLE_IDENTIFIER = de.jasperstritzke.PracticeAppleSleepTests;
				PRODUCT_NAME = "$(TARGET_NAME)";
				SWIFT_EMIT_LOC_STRINGS = NO;
				SWIFT_VERSION = 5.0;
				TARGETED_DEVICE_FAMILY = "1,2";
				TEST_HOST = "$(BUILT_PRODUCTS_DIR)/PracticeAppleSleep.app/$(BUNDLE_EXECUTABLE_FOLDER_PATH)/PracticeAppleSleep";
			};
			name = Release;
		};
		C0F8D83728FA26EA000FD752 /* Debug */ = {
			isa = XCBuildConfiguration;
			buildSettings = {
				ALWAYS_EMBED_SWIFT_STANDARD_LIBRARIES = YES;
				CODE_SIGN_STYLE = Automatic;
				CURRENT_PROJECT_VERSION = 1;
				DEVELOPMENT_TEAM = V76788P98D;
				GENERATE_INFOPLIST_FILE = YES;
				MARKETING_VERSION = 1.0;
				PRODUCT_BUNDLE_IDENTIFIER = de.jasperstritzke.PracticeAppleSleepUITests;
				PRODUCT_NAME = "$(TARGET_NAME)";
				SWIFT_EMIT_LOC_STRINGS = NO;
				SWIFT_VERSION = 5.0;
				TARGETED_DEVICE_FAMILY = "1,2";
				TEST_TARGET_NAME = PracticeAppleSleep;
			};
			name = Debug;
		};
		C0F8D83828FA26EA000FD752 /* Release */ = {
			isa = XCBuildConfiguration;
			buildSettings = {
				ALWAYS_EMBED_SWIFT_STANDARD_LIBRARIES = YES;
				CODE_SIGN_STYLE = Automatic;
				CURRENT_PROJECT_VERSION = 1;
				DEVELOPMENT_TEAM = V76788P98D;
				GENERATE_INFOPLIST_FILE = YES;
				MARKETING_VERSION = 1.0;
				PRODUCT_BUNDLE_IDENTIFIER = de.jasperstritzke.PracticeAppleSleepUITests;
				PRODUCT_NAME = "$(TARGET_NAME)";
				SWIFT_EMIT_LOC_STRINGS = NO;
				SWIFT_VERSION = 5.0;
				TARGETED_DEVICE_FAMILY = "1,2";
				TEST_TARGET_NAME = PracticeAppleSleep;
			};
			name = Release;
		};
/* End XCBuildConfiguration section */

/* Begin XCConfigurationList section */
		C0F8D80728FA26E7000FD752 /* Build configuration list for PBXProject "PracticeAppleSleep" */ = {
			isa = XCConfigurationList;
			buildConfigurations = (
				C0F8D82E28FA26EA000FD752 /* Debug */,
				C0F8D82F28FA26EA000FD752 /* Release */,
			);
			defaultConfigurationIsVisible = 0;
			defaultConfigurationName = Release;
		};
		C0F8D83028FA26EA000FD752 /* Build configuration list for PBXNativeTarget "PracticeAppleSleep" */ = {
			isa = XCConfigurationList;
			buildConfigurations = (
				C0F8D83128FA26EA000FD752 /* Debug */,
				C0F8D83228FA26EA000FD752 /* Release */,
			);
			defaultConfigurationIsVisible = 0;
			defaultConfigurationName = Release;
		};
		C0F8D83328FA26EA000FD752 /* Build configuration list for PBXNativeTarget "PracticeAppleSleepTests" */ = {
			isa = XCConfigurationList;
			buildConfigurations = (
				C0F8D83428FA26EA000FD752 /* Debug */,
				C0F8D83528FA26EA000FD752 /* Release */,
			);
			defaultConfigurationIsVisible = 0;
			defaultConfigurationName = Release;
		};
		C0F8D83628FA26EA000FD752 /* Build configuration list for PBXNativeTarget "PracticeAppleSleepUITests" */ = {
			isa = XCConfigurationList;
			buildConfigurations = (
				C0F8D83728FA26EA000FD752 /* Debug */,
				C0F8D83828FA26EA000FD752 /* Release */,
			);
			defaultConfigurationIsVisible = 0;
			defaultConfigurationName = Release;
		};
/* End XCConfigurationList section */
	};
	rootObject = C0F8D80428FA26E7000FD752 /* Project object */;
}
